github.com/alecthomas/assert/v2 v2.0.3 h1:WKqJODfOiQG0nEJKFKzDIG3E29CN2/4zR9XGJzKIkbg=
github.com/alecthomas/participle/v2 v2.0.0-beta.1 h1:qA1IALv09wFD4fQ2anV6MCl1BIInd+Dm+ksI6ES4kfs=
github.com/alecthomas/participle/v2 v2.0.0-beta.1/go.mod h1:RC764t6n4L8D8ITAJv0qdokritYSNR3wV5cVwmIEaMM=
github.com/alecthomas/participle/v2 v2.0.0-beta.5 h1:y6dsSYVb1G5eK6mgmy+BgI3Mw35a3WghArZ/Hbebrjo=
github.com/alecthomas/participle/v2 v2.0.0-beta.5/go.mod h1:RC764t6n4L8D8ITAJv0qdokritYSNR3wV5cVwmIEaMM=
github.com/alecthomas/repr v0.1.0 h1:ENn2e1+J3k09gyj2shc0dHr/yjaWSHRlrJ4DPMevDqE=
github.com/bwNetFlow/flowpipeline v0.9.3-beta h1:0WcPBteAxL8JcywAt0j8IBCTX9+egrz4s/zd4n4ZL84=
github.com/bwNetFlow/flowpipeline v0.9.3-beta/go.mod h1:GdtC6jnkQm1p9yCseR4VfThb0jMZi8UAV+b51J2LhYM=
github.com/bwNetFlow/protobuf/go v0.0.0-20211004083441-61e193b4b342 h1:CrEmmSVFs3Ssceezrj/KyLuTvelGH8CZkNLgVxYrQ4o=
github.com/bwNetFlow/protobuf/go v0.0.0-20211004083441-61e193b4b342/go.mod h1:kBaPxJ+ZXKXx3DoYF8OQdxtkHtH2xhdUIL51a4OE3as=
github.com/golang/protobuf v1.5.0/go.mod h1:FsONVRAS9T7sI+LIUmWTfcYkHO4aIWwzhcaSAoJOfIk=
github.com/google/go-cmp v0.5.5 h1:Khx7svrCpmxxtHBq5j2mp/xVjsi8hQMfNLvJFAlrGgU=
github.com/google/go-cmp v0.5.5/go.mod h1:v8dTdLbMG2kIc/vJvl+f65V22dbkXbowE6jgT/gNBxE=
github.com/hexops/gotextdiff v1.0.3 h1:gitA9+qJrrTCsiCl7+kh75nPqQt1cx4ZkudSTLoUqJM=
github.com/netsampler/goflow2 v1.1.1 h1:GpVlvPq4yRbyzoiz0Vp3XilNr5js/0UhHcQI7Ol/MDk=
github.com/netsampler/goflow2 v1.1.1/go.mod h1:oNIeGj67SjwrRSTEukErjNT1zZ02W9+8M5mSgQCkZC8=
golang.org/x/xerrors v0.0.0-20191204190536-9bdfabe68543 h1:E7g+9GITq07hpfrRu66IVDexMakfv52eLZ2CXBWiKr4=
golang.org/x/xerrors v0.0.0-20191204190536-9bdfabe68543/go.mod h1:I/5z698sn9Ka8TeJc9MKroUUfqBBauWjQqLJ2OPfmY0=
google.golang.org/protobuf v1.26.0-rc.1/go.mod h1:jlhhOSvTdKEhbULTjvd4ARK9grFBp09yW+WbY/TyQbw=
google.golang.org/protobuf v1.28.1 h1:d0NfwRgPtno5B1Wa6L2DAG+KivqkdutMf1UhdNx175w=
google.golang.org/protobuf v1.28.1/go.mod h1:HV8QOd/L58Z+nl8r43ehVNZIU/HEI6OcFqwMG9pJV4I=
